
Microsoft Visual Studio Solution File, Format Version 12.00
# Visual Studio Version 16
VisualStudioVersion = 16.6.30114.105
MinimumVisualStudioVersion = 10.0.40219.1
Project("{FAE04EC0-301F-11D3-BF4B-00C04F79EFBC}") = "Jellyfin.Plugin.Kinopoisk", "Jellyfin.Plugin.Kinopoisk\Jellyfin.Plugin.Kinopoisk.csproj", "{92F27832-191C-414F-A50D-5098D5C5C35C}"
EndProject
Project("{FAE04EC0-301F-11D3-BF4B-00C04F79EFBC}") = "Jellyfin.Plugin.Kinopoisk.Tests", "Jellyfin.Plugin.Kinopoisk.Tests\Jellyfin.Plugin.Kinopoisk.Tests.csproj", "{440F7DCA-3815-4B72-8984-8630250801A5}"
EndProject
Project("{FAE04EC0-301F-11D3-BF4B-00C04F79EFBC}") = "KinopoiskUnofficialInfo.ApiClient", "KinopoiskUnofficialInfo.ApiClient\KinopoiskUnofficialInfo.ApiClient.csproj", "{9584F66B-8EAB-4CA8-AC55-E9503EA23CC9}"
EndProject
Project("{FAE04EC0-301F-11D3-BF4B-00C04F79EFBC}") = "KinopoiskUnofficialInfo.ApiClient.Tests", "KinopoiskUnofficialInfo.ApiClient.Tests\KinopoiskUnofficialInfo.ApiClient.Tests.csproj", "{0AB018D0-655E-48DF-B414-22EA61C926C9}"
EndProject
Global
	GlobalSection(SolutionConfigurationPlatforms) = preSolution
		Debug|Any CPU = Debug|Any CPU
		Release|Any CPU = Release|Any CPU
	EndGlobalSection
	GlobalSection(SolutionProperties) = preSolution
		HideSolutionNode = FALSE
	EndGlobalSection
	GlobalSection(ProjectConfigurationPlatforms) = postSolution
		{92F27832-191C-414F-A50D-5098D5C5C35C}.Debug|Any CPU.ActiveCfg = Debug|Any CPU
		{92F27832-191C-414F-A50D-5098D5C5C35C}.Debug|Any CPU.Build.0 = Debug|Any CPU
		{92F27832-191C-414F-A50D-5098D5C5C35C}.Release|Any CPU.ActiveCfg = Release|Any CPU
		{92F27832-191C-414F-A50D-5098D5C5C35C}.Release|Any CPU.Build.0 = Release|Any CPU
		{440F7DCA-3815-4B72-8984-8630250801A5}.Debug|Any CPU.ActiveCfg = Debug|Any CPU
		{440F7DCA-3815-4B72-8984-8630250801A5}.Debug|Any CPU.Build.0 = Debug|Any CPU
		{440F7DCA-3815-4B72-8984-8630250801A5}.Release|Any CPU.ActiveCfg = Release|Any CPU
		{440F7DCA-3815-4B72-8984-8630250801A5}.Release|Any CPU.Build.0 = Release|Any CPU
		{9584F66B-8EAB-4CA8-AC55-E9503EA23CC9}.Debug|Any CPU.ActiveCfg = Debug|Any CPU
		{9584F66B-8EAB-4CA8-AC55-E9503EA23CC9}.Debug|Any CPU.Build.0 = Debug|Any CPU
		{9584F66B-8EAB-4CA8-AC55-E9503EA23CC9}.Release|Any CPU.ActiveCfg = Release|Any CPU
		{9584F66B-8EAB-4CA8-AC55-E9503EA23CC9}.Release|Any CPU.Build.0 = Release|Any CPU
		{0AB018D0-655E-48DF-B414-22EA61C926C9}.Debug|Any CPU.ActiveCfg = Debug|Any CPU
		{0AB018D0-655E-48DF-B414-22EA61C926C9}.Debug|Any CPU.Build.0 = Debug|Any CPU
		{0AB018D0-655E-48DF-B414-22EA61C926C9}.Release|Any CPU.ActiveCfg = Release|Any CPU
		{0AB018D0-655E-48DF-B414-22EA61C926C9}.Release|Any CPU.Build.0 = Release|Any CPU
	EndGlobalSection
EndGlobal
